// !$*UTF8*$!
{
	archiveVersion = 1;
	classes = {
	};
	objectVersion = 56;
	objects = {

/* Begin PBXBuildFile section */
		634B84CC2BB9E00300034DA7 /* GrayButton.swift in Sources */ = {isa = PBXBuildFile; fileRef = 634B84CB2BB9E00300034DA7 /* GrayButton.swift */; };
		634B84CE2BB9E14C00034DA7 /* BigOrangeButton.swift in Sources */ = {isa = PBXBuildFile; fileRef = 634B84CD2BB9E14C00034DA7 /* BigOrangeButton.swift */; };
		63AFA53D2BB71C53000A34E5 /* showchatApp.swift in Sources */ = {isa = PBXBuildFile; fileRef = 63AFA53C2BB71C53000A34E5 /* showchatApp.swift */; };
		63AFA5412BB71C57000A34E5 /* Assets.xcassets in Resources */ = {isa = PBXBuildFile; fileRef = 63AFA5402BB71C57000A34E5 /* Assets.xcassets */; };
		63AFA5442BB71C57000A34E5 /* Preview Assets.xcassets in Resources */ = {isa = PBXBuildFile; fileRef = 63AFA5432BB71C57000A34E5 /* Preview Assets.xcassets */; };
		63AFA54E2BB7AB72000A34E5 /* Constants.swift in Sources */ = {isa = PBXBuildFile; fileRef = 63AFA54D2BB7AB72000A34E5 /* Constants.swift */; };
		63AFA56C2BB7CC1D000A34E5 /* Montserrat-Medium.ttf in Resources */ = {isa = PBXBuildFile; fileRef = 63AFA5662BB7CC1D000A34E5 /* Montserrat-Medium.ttf */; };
		63AFA56D2BB7CC1D000A34E5 /* Montserrat-Light.ttf in Resources */ = {isa = PBXBuildFile; fileRef = 63AFA5672BB7CC1D000A34E5 /* Montserrat-Light.ttf */; };
		63AFA56F2BB7CC1D000A34E5 /* Montserrat-Bold.ttf in Resources */ = {isa = PBXBuildFile; fileRef = 63AFA5692BB7CC1D000A34E5 /* Montserrat-Bold.ttf */; };
		63AFA5702BB7CC1D000A34E5 /* Montserrat-SemiBold.ttf in Resources */ = {isa = PBXBuildFile; fileRef = 63AFA56A2BB7CC1D000A34E5 /* Montserrat-SemiBold.ttf */; };
		63AFA5712BB7CC1D000A34E5 /* Montserrat-Regular.ttf in Resources */ = {isa = PBXBuildFile; fileRef = 63AFA56B2BB7CC1D000A34E5 /* Montserrat-Regular.ttf */; };
		63AFA57A2BB7D0D5000A34E5 /* GoBackButton.swift in Sources */ = {isa = PBXBuildFile; fileRef = 63AFA5792BB7D0D5000A34E5 /* GoBackButton.swift */; };
		63AFA57C2BB7D192000A34E5 /* DashboardView.swift in Sources */ = {isa = PBXBuildFile; fileRef = 63AFA57B2BB7D192000A34E5 /* DashboardView.swift */; };
		63AFA57E2BB7DBAF000A34E5 /* FollowersView.swift in Sources */ = {isa = PBXBuildFile; fileRef = 63AFA57D2BB7DBAF000A34E5 /* FollowersView.swift */; };
		63AFA5812BB7EA5B000A34E5 /* User.swift in Sources */ = {isa = PBXBuildFile; fileRef = 63AFA5802BB7EA5B000A34E5 /* User.swift */; };
		63AFA5832BB7EABD000A34E5 /* DummyData.swift in Sources */ = {isa = PBXBuildFile; fileRef = 63AFA5822BB7EABD000A34E5 /* DummyData.swift */; };
		63AFA5852BB7EF77000A34E5 /* FollowBack.swift in Sources */ = {isa = PBXBuildFile; fileRef = 63AFA5842BB7EF77000A34E5 /* FollowBack.swift */; };
		63AFA58B2BB86852000A34E5 /* Poster.swift in Sources */ = {isa = PBXBuildFile; fileRef = 63AFA58A2BB86852000A34E5 /* Poster.swift */; };
/* End PBXBuildFile section */

/* Begin PBXFileReference section */
		634B84CB2BB9E00300034DA7 /* GrayButton.swift */ = {isa = PBXFileReference; lastKnownFileType = sourcecode.swift; path = GrayButton.swift; sourceTree = "<group>"; };
		634B84CD2BB9E14C00034DA7 /* BigOrangeButton.swift */ = {isa = PBXFileReference; lastKnownFileType = sourcecode.swift; path = BigOrangeButton.swift; sourceTree = "<group>"; };
		63AFA5392BB71C53000A34E5 /* showchat.app */ = {isa = PBXFileReference; explicitFileType = wrapper.application; includeInIndex = 0; path = showchat.app; sourceTree = BUILT_PRODUCTS_DIR; };
		63AFA53C2BB71C53000A34E5 /* showchatApp.swift */ = {isa = PBXFileReference; lastKnownFileType = sourcecode.swift; path = showchatApp.swift; sourceTree = "<group>"; };
		63AFA5402BB71C57000A34E5 /* Assets.xcassets */ = {isa = PBXFileReference; lastKnownFileType = folder.assetcatalog; path = Assets.xcassets; sourceTree = "<group>"; };
		63AFA5432BB71C57000A34E5 /* Preview Assets.xcassets */ = {isa = PBXFileReference; lastKnownFileType = folder.assetcatalog; path = "Preview Assets.xcassets"; sourceTree = "<group>"; };
		63AFA54D2BB7AB72000A34E5 /* Constants.swift */ = {isa = PBXFileReference; lastKnownFileType = sourcecode.swift; path = Constants.swift; sourceTree = "<group>"; };
		63AFA5662BB7CC1D000A34E5 /* Montserrat-Medium.ttf */ = {isa = PBXFileReference; lastKnownFileType = file; path = "Montserrat-Medium.ttf"; sourceTree = "<group>"; };
		63AFA5672BB7CC1D000A34E5 /* Montserrat-Light.ttf */ = {isa = PBXFileReference; lastKnownFileType = file; path = "Montserrat-Light.ttf"; sourceTree = "<group>"; };
		63AFA5692BB7CC1D000A34E5 /* Montserrat-Bold.ttf */ = {isa = PBXFileReference; lastKnownFileType = file; path = "Montserrat-Bold.ttf"; sourceTree = "<group>"; };
		63AFA56A2BB7CC1D000A34E5 /* Montserrat-SemiBold.ttf */ = {isa = PBXFileReference; lastKnownFileType = file; path = "Montserrat-SemiBold.ttf"; sourceTree = "<group>"; };
		63AFA56B2BB7CC1D000A34E5 /* Montserrat-Regular.ttf */ = {isa = PBXFileReference; lastKnownFileType = file; path = "Montserrat-Regular.ttf"; sourceTree = "<group>"; };
		63AFA5722BB7CC9B000A34E5 /* Info.plist */ = {isa = PBXFileReference; lastKnownFileType = text.plist; path = Info.plist; sourceTree = "<group>"; };
		63AFA5792BB7D0D5000A34E5 /* GoBackButton.swift */ = {isa = PBXFileReference; lastKnownFileType = sourcecode.swift; path = GoBackButton.swift; sourceTree = "<group>"; };
		63AFA57B2BB7D192000A34E5 /* DashboardView.swift */ = {isa = PBXFileReference; lastKnownFileType = sourcecode.swift; path = DashboardView.swift; sourceTree = "<group>"; };
		63AFA57D2BB7DBAF000A34E5 /* FollowersView.swift */ = {isa = PBXFileReference; lastKnownFileType = sourcecode.swift; path = FollowersView.swift; sourceTree = "<group>"; };
		63AFA5802BB7EA5B000A34E5 /* User.swift */ = {isa = PBXFileReference; lastKnownFileType = sourcecode.swift; path = User.swift; sourceTree = "<group>"; };
		63AFA5822BB7EABD000A34E5 /* DummyData.swift */ = {isa = PBXFileReference; lastKnownFileType = sourcecode.swift; path = DummyData.swift; sourceTree = "<group>"; };
		63AFA5842BB7EF77000A34E5 /* FollowBack.swift */ = {isa = PBXFileReference; lastKnownFileType = sourcecode.swift; path = FollowBack.swift; sourceTree = "<group>"; };
		63AFA58A2BB86852000A34E5 /* Poster.swift */ = {isa = PBXFileReference; lastKnownFileType = sourcecode.swift; path = Poster.swift; sourceTree = "<group>"; };
/* End PBXFileReference section */

/* Begin PBXFrameworksBuildPhase section */
		63AFA5362BB71C53000A34E5 /* Frameworks */ = {
			isa = PBXFrameworksBuildPhase;
			buildActionMask = 2147483647;
			files = (
			);
			runOnlyForDeploymentPostprocessing = 0;
		};
/* End PBXFrameworksBuildPhase section */

/* Begin PBXGroup section */
		63AFA5302BB71C53000A34E5 = {
			isa = PBXGroup;
			children = (
				63AFA53B2BB71C53000A34E5 /* showchat */,
				63AFA53A2BB71C53000A34E5 /* Products */,
			);
			sourceTree = "<group>";
		};
		63AFA53A2BB71C53000A34E5 /* Products */ = {
			isa = PBXGroup;
			children = (
				63AFA5392BB71C53000A34E5 /* showchat.app */,
			);
			name = Products;
			sourceTree = "<group>";
		};
		63AFA53B2BB71C53000A34E5 /* showchat */ = {
			isa = PBXGroup;
			children = (
				63AFA57F2BB7EA4E000A34E5 /* Models */,
				63AFA5722BB7CC9B000A34E5 /* Info.plist */,
				63AFA5502BB7B9CA000A34E5 /* Core */,
				63AFA5512BB7B9DB000A34E5 /* Views */,
				63AFA54C2BB7AB67000A34E5 /* Utils */,
				63AFA54A2BB7A2F1000A34E5 /* Resources */,
				63AFA5422BB71C57000A34E5 /* Preview Content */,
			);
			path = showchat;
			sourceTree = "<group>";
		};
		63AFA5422BB71C57000A34E5 /* Preview Content */ = {
			isa = PBXGroup;
			children = (
				63AFA5432BB71C57000A34E5 /* Preview Assets.xcassets */,
			);
			path = "Preview Content";
			sourceTree = "<group>";
		};
		63AFA54A2BB7A2F1000A34E5 /* Resources */ = {
			isa = PBXGroup;
			children = (
				63AFA5652BB7CC1D000A34E5 /* Fonts */,
				63AFA5402BB71C57000A34E5 /* Assets.xcassets */,
			);
			path = Resources;
			sourceTree = "<group>";
		};
		63AFA54C2BB7AB67000A34E5 /* Utils */ = {
			isa = PBXGroup;
			children = (
				63AFA54D2BB7AB72000A34E5 /* Constants.swift */,
				63AFA5822BB7EABD000A34E5 /* DummyData.swift */,
			);
			path = Utils;
			sourceTree = "<group>";
		};
		63AFA5502BB7B9CA000A34E5 /* Core */ = {
			isa = PBXGroup;
			children = (
				63AFA53C2BB71C53000A34E5 /* showchatApp.swift */,
			);
			path = Core;
			sourceTree = "<group>";
		};
		63AFA5512BB7B9DB000A34E5 /* Views */ = {
			isa = PBXGroup;
			children = (
				63AFA5542BB7BA62000A34E5 /* Supporting */,
				63AFA57B2BB7D192000A34E5 /* DashboardView.swift */,
				63AFA57D2BB7DBAF000A34E5 /* FollowersView.swift */,
			);
			path = Views;
			sourceTree = "<group>";
		};
		63AFA5542BB7BA62000A34E5 /* Supporting */ = {
			isa = PBXGroup;
			children = (
				63AFA5792BB7D0D5000A34E5 /* GoBackButton.swift */,
				63AFA5842BB7EF77000A34E5 /* FollowBack.swift */,
				634B84CB2BB9E00300034DA7 /* GrayButton.swift */,
				634B84CD2BB9E14C00034DA7 /* BigOrangeButton.swift */,
			);
			path = Supporting;
			sourceTree = "<group>";
		};
		63AFA5652BB7CC1D000A34E5 /* Fonts */ = {
			isa = PBXGroup;
			children = (
				63AFA5662BB7CC1D000A34E5 /* Montserrat-Medium.ttf */,
				63AFA5672BB7CC1D000A34E5 /* Montserrat-Light.ttf */,
				63AFA5692BB7CC1D000A34E5 /* Montserrat-Bold.ttf */,
				63AFA56A2BB7CC1D000A34E5 /* Montserrat-SemiBold.ttf */,
				63AFA56B2BB7CC1D000A34E5 /* Montserrat-Regular.ttf */,
			);
			path = Fonts;
			sourceTree = "<group>";
		};
		63AFA57F2BB7EA4E000A34E5 /* Models */ = {
			isa = PBXGroup;
			children = (
				63AFA5802BB7EA5B000A34E5 /* User.swift */,
				63AFA58A2BB86852000A34E5 /* Poster.swift */,
			);
			path = Models;
			sourceTree = "<group>";
		};
/* End PBXGroup section */

/* Begin PBXNativeTarget section */
		63AFA5382BB71C53000A34E5 /* showchat */ = {
			isa = PBXNativeTarget;
			buildConfigurationList = 63AFA5472BB71C57000A34E5 /* Build configuration list for PBXNativeTarget "showchat" */;
			buildPhases = (
				63AFA5352BB71C53000A34E5 /* Sources */,
				63AFA5362BB71C53000A34E5 /* Frameworks */,
				63AFA5372BB71C53000A34E5 /* Resources */,
			);
			buildRules = (
			);
			dependencies = (
			);
			name = showchat;
			productName = showchat;
			productReference = 63AFA5392BB71C53000A34E5 /* showchat.app */;
			productType = "com.apple.product-type.application";
		};
/* End PBXNativeTarget section */

/* Begin PBXProject section */
		63AFA5312BB71C53000A34E5 /* Project object */ = {
			isa = PBXProject;
			attributes = {
				BuildIndependentTargetsInParallel = 1;
				LastSwiftUpdateCheck = 1520;
				LastUpgradeCheck = 1520;
				TargetAttributes = {
					63AFA5382BB71C53000A34E5 = {
						CreatedOnToolsVersion = 15.2;
					};
				};
			};
			buildConfigurationList = 63AFA5342BB71C53000A34E5 /* Build configuration list for PBXProject "showchat" */;
			compatibilityVersion = "Xcode 14.0";
			developmentRegion = en;
			hasScannedForEncodings = 0;
			knownRegions = (
				en,
				Base,
			);
			mainGroup = 63AFA5302BB71C53000A34E5;
			productRefGroup = 63AFA53A2BB71C53000A34E5 /* Products */;
			projectDirPath = "";
			projectRoot = "";
			targets = (
				63AFA5382BB71C53000A34E5 /* showchat */,
			);
		};
/* End PBXProject section */

/* Begin PBXResourcesBuildPhase section */
		63AFA5372BB71C53000A34E5 /* Resources */ = {
			isa = PBXResourcesBuildPhase;
			buildActionMask = 2147483647;
			files = (
				63AFA5712BB7CC1D000A34E5 /* Montserrat-Regular.ttf in Resources */,
				63AFA56D2BB7CC1D000A34E5 /* Montserrat-Light.ttf in Resources */,
				63AFA56F2BB7CC1D000A34E5 /* Montserrat-Bold.ttf in Resources */,
				63AFA5702BB7CC1D000A34E5 /* Montserrat-SemiBold.ttf in Resources */,
				63AFA5442BB71C57000A34E5 /* Preview Assets.xcassets in Resources */,
				63AFA56C2BB7CC1D000A34E5 /* Montserrat-Medium.ttf in Resources */,
				63AFA5412BB71C57000A34E5 /* Assets.xcassets in Resources */,
			);
			runOnlyForDeploymentPostprocessing = 0;
		};
/* End PBXResourcesBuildPhase section */

/* Begin PBXSourcesBuildPhase section */
		63AFA5352BB71C53000A34E5 /* Sources */ = {
			isa = PBXSourcesBuildPhase;
			buildActionMask = 2147483647;
			files = (
				63AFA53D2BB71C53000A34E5 /* showchatApp.swift in Sources */,
				63AFA54E2BB7AB72000A34E5 /* Constants.swift in Sources */,
				63AFA5852BB7EF77000A34E5 /* FollowBack.swift in Sources */,
				63AFA58B2BB86852000A34E5 /* Poster.swift in Sources */,
				63AFA57A2BB7D0D5000A34E5 /* GoBackButton.swift in Sources */,
				63AFA57C2BB7D192000A34E5 /* DashboardView.swift in Sources */,
				63AFA5812BB7EA5B000A34E5 /* User.swift in Sources */,
				634B84CC2BB9E00300034DA7 /* GrayButton.swift in Sources */,
				634B84CE2BB9E14C00034DA7 /* BigOrangeButton.swift in Sources */,
				63AFA5832BB7EABD000A34E5 /* DummyData.swift in Sources */,
				63AFA57E2BB7DBAF000A34E5 /* FollowersView.swift in Sources */,
			);
			runOnlyForDeploymentPostprocessing = 0;
		};
/* End PBXSourcesBuildPhase section */

/* Begin XCBuildConfiguration section */
		63AFA5452BB71C57000A34E5 /* Debug */ = {
			isa = XCBuildConfiguration;
			buildSettings = {
				ALWAYS_SEARCH_USER_PATHS = NO;
				ASSETCATALOG_COMPILER_GENERATE_SWIFT_ASSET_SYMBOL_EXTENSIONS = YES;
				CLANG_ANALYZER_NONNULL = YES;
				CLANG_ANALYZER_NUMBER_OBJECT_CONVERSION = YES_AGGRESSIVE;
				CLANG_CXX_LANGUAGE_STANDARD = "gnu++20";
				CLANG_ENABLE_MODULES = YES;
				CLANG_ENABLE_OBJC_ARC = YES;
				CLANG_ENABLE_OBJC_WEAK = YES;
				CLANG_WARN_BLOCK_CAPTURE_AUTORELEASING = YES;
				CLANG_WARN_BOOL_CONVERSION = YES;
				CLANG_WARN_COMMA = YES;
				CLANG_WARN_CONSTANT_CONVERSION = YES;
				CLANG_WARN_DEPRECATED_OBJC_IMPLEMENTATIONS = YES;
				CLANG_WARN_DIRECT_OBJC_ISA_USAGE = YES_ERROR;
				CLANG_WARN_DOCUMENTATION_COMMENTS = YES;
				CLANG_WARN_EMPTY_BODY = YES;
				CLANG_WARN_ENUM_CONVERSION = YES;
				CLANG_WARN_INFINITE_RECURSION = YES;
				CLANG_WARN_INT_CONVERSION = YES;
				CLANG_WARN_NON_LITERAL_NULL_CONVERSION = YES;
				CLANG_WARN_OBJC_IMPLICIT_RETAIN_SELF = YES;
				CLANG_WARN_OBJC_LITERAL_CONVERSION = YES;
				CLANG_WARN_OBJC_ROOT_CLASS = YES_ERROR;
				CLANG_WARN_QUOTED_INCLUDE_IN_FRAMEWORK_HEADER = YES;
				CLANG_WARN_RANGE_LOOP_ANALYSIS = YES;
				CLANG_WARN_STRICT_PROTOTYPES = YES;
				CLANG_WARN_SUSPICIOUS_MOVE = YES;
				CLANG_WARN_UNGUARDED_AVAILABILITY = YES_AGGRESSIVE;
				CLANG_WARN_UNREACHABLE_CODE = YES;
				CLANG_WARN__DUPLICATE_METHOD_MATCH = YES;
				COPY_PHASE_STRIP = NO;
				DEBUG_INFORMATION_FORMAT = dwarf;
				ENABLE_STRICT_OBJC_MSGSEND = YES;
				ENABLE_TESTABILITY = YES;
				ENABLE_USER_SCRIPT_SANDBOXING = YES;
				GCC_C_LANGUAGE_STANDARD = gnu17;
				GCC_DYNAMIC_NO_PIC = NO;
				GCC_NO_COMMON_BLOCKS = YES;
				GCC_OPTIMIZATION_LEVEL = 0;
				GCC_PREPROCESSOR_DEFINITIONS = (
					"DEBUG=1",
					"$(inherited)",
				);
				GCC_WARN_64_TO_32_BIT_CONVERSION = YES;
				GCC_WARN_ABOUT_RETURN_TYPE = YES_ERROR;
				GCC_WARN_UNDECLARED_SELECTOR = YES;
				GCC_WARN_UNINITIALIZED_AUTOS = YES_AGGRESSIVE;
				GCC_WARN_UNUSED_FUNCTION = YES;
				GCC_WARN_UNUSED_VARIABLE = YES;
				IPHONEOS_DEPLOYMENT_TARGET = 17.2;
				LOCALIZATION_PREFERS_STRING_CATALOGS = YES;
				MTL_ENABLE_DEBUG_INFO = INCLUDE_SOURCE;
				MTL_FAST_MATH = YES;
				ONLY_ACTIVE_ARCH = YES;
				SDKROOT = iphoneos;
				SWIFT_ACTIVE_COMPILATION_CONDITIONS = "DEBUG $(inherited)";
				SWIFT_OPTIMIZATION_LEVEL = "-Onone";
			};
			name = Debug;
		};
		63AFA5462BB71C57000A34E5 /* Release */ = {
			isa = XCBuildConfiguration;
			buildSettings = {
				ALWAYS_SEARCH_USER_PATHS = NO;
				ASSETCATALOG_COMPILER_GENERATE_SWIFT_ASSET_SYMBOL_EXTENSIONS = YES;
				CLANG_ANALYZER_NONNULL = YES;
				CLANG_ANALYZER_NUMBER_OBJECT_CONVERSION = YES_AGGRESSIVE;
				CLANG_CXX_LANGUAGE_STANDARD = "gnu++20";
				CLANG_ENABLE_MODULES = YES;
				CLANG_ENABLE_OBJC_ARC = YES;
				CLANG_ENABLE_OBJC_WEAK = YES;
				CLANG_WARN_BLOCK_CAPTURE_AUTORELEASING = YES;
				CLANG_WARN_BOOL_CONVERSION = YES;
				CLANG_WARN_COMMA = YES;
				CLANG_WARN_CONSTANT_CONVERSION = YES;
				CLANG_WARN_DEPRECATED_OBJC_IMPLEMENTATIONS = YES;
				CLANG_WARN_DIRECT_OBJC_ISA_USAGE = YES_ERROR;
				CLANG_WARN_DOCUMENTATION_COMMENTS = YES;
				CLANG_WARN_EMPTY_BODY = YES;
				CLANG_WARN_ENUM_CONVERSION = YES;
				CLANG_WARN_INFINITE_RECURSION = YES;
				CLANG_WARN_INT_CONVERSION = YES;
				CLANG_WARN_NON_LITERAL_NULL_CONVERSION = YES;
				CLANG_WARN_OBJC_IMPLICIT_RETAIN_SELF = YES;
				CLANG_WARN_OBJC_LITERAL_CONVERSION = YES;
				CLANG_WARN_OBJC_ROOT_CLASS = YES_ERROR;
				CLANG_WARN_QUOTED_INCLUDE_IN_FRAMEWORK_HEADER = YES;
				CLANG_WARN_RANGE_LOOP_ANALYSIS = YES;
				CLANG_WARN_STRICT_PROTOTYPES = YES;
				CLANG_WARN_SUSPICIOUS_MOVE = YES;
				CLANG_WARN_UNGUARDED_AVAILABILITY = YES_AGGRESSIVE;
				CLANG_WARN_UNREACHABLE_CODE = YES;
				CLANG_WARN__DUPLICATE_METHOD_MATCH = YES;
				COPY_PHASE_STRIP = NO;
				DEBUG_INFORMATION_FORMAT = "dwarf-with-dsym";
				ENABLE_NS_ASSERTIONS = NO;
				ENABLE_STRICT_OBJC_MSGSEND = YES;
				ENABLE_USER_SCRIPT_SANDBOXING = YES;
				GCC_C_LANGUAGE_STANDARD = gnu17;
				GCC_NO_COMMON_BLOCKS = YES;
				GCC_WARN_64_TO_32_BIT_CONVERSION = YES;
				GCC_WARN_ABOUT_RETURN_TYPE = YES_ERROR;
				GCC_WARN_UNDECLARED_SELECTOR = YES;
				GCC_WARN_UNINITIALIZED_AUTOS = YES_AGGRESSIVE;
				GCC_WARN_UNUSED_FUNCTION = YES;
				GCC_WARN_UNUSED_VARIABLE = YES;
				IPHONEOS_DEPLOYMENT_TARGET = 17.2;
				LOCALIZATION_PREFERS_STRING_CATALOGS = YES;
				MTL_ENABLE_DEBUG_INFO = NO;
				MTL_FAST_MATH = YES;
				SDKROOT = iphoneos;
				SWIFT_COMPILATION_MODE = wholemodule;
				VALIDATE_PRODUCT = YES;
			};
			name = Release;
		};
		63AFA5482BB71C57000A34E5 /* Debug */ = {
			isa = XCBuildConfiguration;
			buildSettings = {
				ASSETCATALOG_COMPILER_APPICON_NAME = AppIcon;
				ASSETCATALOG_COMPILER_GLOBAL_ACCENT_COLOR_NAME = AccentColor;
				CODE_SIGN_STYLE = Automatic;
				CURRENT_PROJECT_VERSION = 1;
				DEVELOPMENT_ASSET_PATHS = "\"showchat/Preview Content\"";
				ENABLE_PREVIEWS = YES;
				GENERATE_INFOPLIST_FILE = YES;
				INFOPLIST_FILE = showchat/Info.plist;
				INFOPLIST_KEY_LSApplicationCategoryType = "";
				INFOPLIST_KEY_UIApplicationSupportsIndirectInputEvents = YES;
				INFOPLIST_KEY_UILaunchScreen_Generation = YES;
				INFOPLIST_KEY_UISupportedInterfaceOrientations_iPad = "UIInterfaceOrientationPortrait UIInterfaceOrientationPortraitUpsideDown UIInterfaceOrientationLandscapeLeft UIInterfaceOrientationLandscapeRight";
				INFOPLIST_KEY_UISupportedInterfaceOrientations_iPhone = "UIInterfaceOrientationPortrait UIInterfaceOrientationLandscapeLeft UIInterfaceOrientationLandscapeRight";
				LD_RUNPATH_SEARCH_PATHS = (
					"$(inherited)",
					"@executable_path/Frameworks",
				);
				MARKETING_VERSION = 1.0;
				PRODUCT_BUNDLE_IDENTIFIER = com.belle.showchat;
				PRODUCT_NAME = "$(TARGET_NAME)";
				SWIFT_EMIT_LOC_STRINGS = YES;
				SWIFT_VERSION = 5.0;
				TARGETED_DEVICE_FAMILY = "1,2";
			};
			name = Debug;
		};
		63AFA5492BB71C57000A34E5 /* Release */ = {
			isa = XCBuildConfiguration;
			buildSettings = {
				ASSETCATALOG_COMPILER_APPICON_NAME = AppIcon;
				ASSETCATALOG_COMPILER_GLOBAL_ACCENT_COLOR_NAME = AccentColor;
				CODE_SIGN_STYLE = Automatic;
				CURRENT_PROJECT_VERSION = 1;
				DEVELOPMENT_ASSET_PATHS = "\"showchat/Preview Content\"";
				ENABLE_PREVIEWS = YES;
				GENERATE_INFOPLIST_FILE = YES;
				INFOPLIST_FILE = showchat/Info.plist;
				INFOPLIST_KEY_LSApplicationCategoryType = "";
				INFOPLIST_KEY_UIApplicationSupportsIndirectInputEvents = YES;
				INFOPLIST_KEY_UILaunchScreen_Generation = YES;
				INFOPLIST_KEY_UISupportedInterfaceOrientations_iPad = "UIInterfaceOrientationPortrait UIInterfaceOrientationPortraitUpsideDown UIInterfaceOrientationLandscapeLeft UIInterfaceOrientationLandscapeRight";
				INFOPLIST_KEY_UISupportedInterfaceOrientations_iPhone = "UIInterfaceOrientationPortrait UIInterfaceOrientationLandscapeLeft UIInterfaceOrientationLandscapeRight";
				LD_RUNPATH_SEARCH_PATHS = (
					"$(inherited)",
					"@executable_path/Frameworks",
				);
				MARKETING_VERSION = 1.0;
				PRODUCT_BUNDLE_IDENTIFIER = com.belle.showchat;
				PRODUCT_NAME = "$(TARGET_NAME)";
				SWIFT_EMIT_LOC_STRINGS = YES;
				SWIFT_VERSION = 5.0;
				TARGETED_DEVICE_FAMILY = "1,2";
			};
			name = Release;
		};
/* End XCBuildConfiguration section */

/* Begin XCConfigurationList section */
		63AFA5342BB71C53000A34E5 /* Build configuration list for PBXProject "showchat" */ = {
			isa = XCConfigurationList;
			buildConfigurations = (
				63AFA5452BB71C57000A34E5 /* Debug */,
				63AFA5462BB71C57000A34E5 /* Release */,
			);
			defaultConfigurationIsVisible = 0;
			defaultConfigurationName = Release;
		};
		63AFA5472BB71C57000A34E5 /* Build configuration list for PBXNativeTarget "showchat" */ = {
			isa = XCConfigurationList;
			buildConfigurations = (
				63AFA5482BB71C57000A34E5 /* Debug */,
				63AFA5492BB71C57000A34E5 /* Release */,
			);
			defaultConfigurationIsVisible = 0;
			defaultConfigurationName = Release;
		};
/* End XCConfigurationList section */
	};
	rootObject = 63AFA5312BB71C53000A34E5 /* Project object */;
}
